// !$*UTF8*$!
{
	archiveVersion = 1;
	classes = {
	};
	objectVersion = 77;
	objects = {

/* Begin PBXContainerItemProxy section */
		A187F7CE2EAEF331000B0461 /* PBXContainerItemProxy */ = {
			isa = PBXContainerItemProxy;
			containerPortal = A1165D022E3C0DEC009FA3AA /* Project object */;
			proxyType = 1;
			remoteGlobalIDString = A1165D092E3C0DEC009FA3AA;
			remoteInfo = "DSA-in-Swift";
		};
/* End PBXContainerItemProxy section */

/* Begin PBXCopyFilesBuildPhase section */
		A1165D082E3C0DEC009FA3AA /* CopyFiles */ = {
			isa = PBXCopyFilesBuildPhase;
			buildActionMask = 2147483647;
			dstPath = /usr/share/man/man1/;
			dstSubfolderSpec = 0;
			files = (
			);
			runOnlyForDeploymentPostprocessing = 1;
		};
/* End PBXCopyFilesBuildPhase section */

/* Begin PBXFileReference section */
		A1165D0A2E3C0DEC009FA3AA /* DSA-in-Swift */ = {isa = PBXFileReference; explicitFileType = "compiled.mach-o.executable"; includeInIndex = 0; path = "DSA-in-Swift"; sourceTree = BUILT_PRODUCTS_DIR; };
		A1165D232E3C1EA3009FA3AA /* README.md */ = {isa = PBXFileReference; lastKnownFileType = net.daringfireball.markdown; path = README.md; sourceTree = "<group>"; };
		A187F7C72EAEF2D4000B0461 /* DSA_in_SwiftTests.xctest */ = {isa = PBXFileReference; explicitFileType = wrapper.cfbundle; includeInIndex = 0; path = DSA_in_SwiftTests.xctest; sourceTree = BUILT_PRODUCTS_DIR; };
		A187F7D62EAF0406000B0461 /* DSA-in-Swift.xctestplan */ = {isa = PBXFileReference; lastKnownFileType = text; path = "DSA-in-Swift.xctestplan"; sourceTree = "<group>"; };
/* End PBXFileReference section */

/* Begin PBXFileSystemSynchronizedBuildFileExceptionSet section */
		A187F7D82EAF04C9000B0461 /* Exceptions for "DSA-in-Swift" folder in "DSA_in_SwiftTests" target */ = {
			isa = PBXFileSystemSynchronizedBuildFileExceptionSet;
			membershipExceptions = (
				Arrays/MergeSort.swift,
				Arrays/MergeTwoSortedArrays.swift,
				LeetCode/Arrays/FindMissingNumber.swift,
				LeetCode/Arrays/MaxConsecutiveOnes.swift,
			);
			target = A187F7C62EAEF2D4000B0461 /* DSA_in_SwiftTests */;
		};
/* End PBXFileSystemSynchronizedBuildFileExceptionSet section */

/* Begin PBXFileSystemSynchronizedRootGroup section */
		A1165D0C2E3C0DEC009FA3AA /* DSA-in-Swift */ = {
			isa = PBXFileSystemSynchronizedRootGroup;
			exceptions = (
				A187F7D82EAF04C9000B0461 /* Exceptions for "DSA-in-Swift" folder in "DSA_in_SwiftTests" target */,
			);
			path = "DSA-in-Swift";
			sourceTree = "<group>";
		};
		A187F7C82EAEF2D4000B0461 /* DSA_in_SwiftTests */ = {
			isa = PBXFileSystemSynchronizedRootGroup;
			path = DSA_in_SwiftTests;
			sourceTree = "<group>";
		};
/* End PBXFileSystemSynchronizedRootGroup section */

/* Begin PBXFrameworksBuildPhase section */
		A1165D072E3C0DEC009FA3AA /* Frameworks */ = {
			isa = PBXFrameworksBuildPhase;
			buildActionMask = 2147483647;
			files = (
			);
			runOnlyForDeploymentPostprocessing = 0;
		};
		A187F7C42EAEF2D4000B0461 /* Frameworks */ = {
			isa = PBXFrameworksBuildPhase;
			buildActionMask = 2147483647;
			files = (
			);
			runOnlyForDeploymentPostprocessing = 0;
		};
/* End PBXFrameworksBuildPhase section */

/* Begin PBXGroup section */
		A1165D012E3C0DEC009FA3AA = {
			isa = PBXGroup;
			children = (
				A187F7D62EAF0406000B0461 /* DSA-in-Swift.xctestplan */,
				A1165D232E3C1EA3009FA3AA /* README.md */,
				A1165D0C2E3C0DEC009FA3AA /* DSA-in-Swift */,
				A187F7C82EAEF2D4000B0461 /* DSA_in_SwiftTests */,
				A1165D0B2E3C0DEC009FA3AA /* Products */,
			);
			sourceTree = "<group>";
		};
		A1165D0B2E3C0DEC009FA3AA /* Products */ = {
			isa = PBXGroup;
			children = (
				A1165D0A2E3C0DEC009FA3AA /* DSA-in-Swift */,
				A187F7C72EAEF2D4000B0461 /* DSA_in_SwiftTests.xctest */,
			);
			name = Products;
			sourceTree = "<group>";
		};
/* End PBXGroup section */

/* Begin PBXNativeTarget section */
		A1165D092E3C0DEC009FA3AA /* DSA-in-Swift */ = {
			isa = PBXNativeTarget;
			buildConfigurationList = A1165D112E3C0DEC009FA3AA /* Build configuration list for PBXNativeTarget "DSA-in-Swift" */;
			buildPhases = (
				A1165D062E3C0DEC009FA3AA /* Sources */,
				A1165D072E3C0DEC009FA3AA /* Frameworks */,
				A1165D082E3C0DEC009FA3AA /* CopyFiles */,
			);
			buildRules = (
			);
			dependencies = (
			);
			fileSystemSynchronizedGroups = (
				A1165D0C2E3C0DEC009FA3AA /* DSA-in-Swift */,
			);
			name = "DSA-in-Swift";
			packageProductDependencies = (
			);
			productName = "DSA-in-Swift";
			productReference = A1165D0A2E3C0DEC009FA3AA /* DSA-in-Swift */;
			productType = "com.apple.product-type.tool";
		};
		A187F7C62EAEF2D4000B0461 /* DSA_in_SwiftTests */ = {
			isa = PBXNativeTarget;
			buildConfigurationList = A187F7CB2EAEF2D4000B0461 /* Build configuration list for PBXNativeTarget "DSA_in_SwiftTests" */;
			buildPhases = (
				A187F7C32EAEF2D4000B0461 /* Sources */,
				A187F7C42EAEF2D4000B0461 /* Frameworks */,
				A187F7C52EAEF2D4000B0461 /* Resources */,
			);
			buildRules = (
			);
			dependencies = (
				A187F7CF2EAEF331000B0461 /* PBXTargetDependency */,
			);
			fileSystemSynchronizedGroups = (
				A187F7C82EAEF2D4000B0461 /* DSA_in_SwiftTests */,
			);
			name = DSA_in_SwiftTests;
			packageProductDependencies = (
			);
			productName = DSA_in_SwiftTests;
			productReference = A187F7C72EAEF2D4000B0461 /* DSA_in_SwiftTests.xctest */;
			productType = "com.apple.product-type.bundle.unit-test";
		};
/* End PBXNativeTarget section */

/* Begin PBXProject section */
		A1165D022E3C0DEC009FA3AA /* Project object */ = {
			isa = PBXProject;
			attributes = {
				BuildIndependentTargetsInParallel = 1;
				LastSwiftUpdateCheck = 1640;
				LastUpgradeCheck = 1640;
				TargetAttributes = {
					A1165D092E3C0DEC009FA3AA = {
						CreatedOnToolsVersion = 16.4;
					};
					A187F7C62EAEF2D4000B0461 = {
						CreatedOnToolsVersion = 16.4;
						LastSwiftMigration = 1640;
					};
				};
			};
			buildConfigurationList = A1165D052E3C0DEC009FA3AA /* Build configuration list for PBXProject "DSA-in-Swift" */;
			developmentRegion = en;
			hasScannedForEncodings = 0;
			knownRegions = (
				en,
				Base,
			);
			mainGroup = A1165D012E3C0DEC009FA3AA;
			minimizedProjectReferenceProxies = 1;
			preferredProjectObjectVersion = 77;
			productRefGroup = A1165D0B2E3C0DEC009FA3AA /* Products */;
			projectDirPath = "";
			projectRoot = "";
			targets = (
				A1165D092E3C0DEC009FA3AA /* DSA-in-Swift */,
				A187F7C62EAEF2D4000B0461 /* DSA_in_SwiftTests */,
			);
		};
/* End PBXProject section */

/* Begin PBXResourcesBuildPhase section */
		A187F7C52EAEF2D4000B0461 /* Resources */ = {
			isa = PBXResourcesBuildPhase;
			buildActionMask = 2147483647;
			files = (
			);
			runOnlyForDeploymentPostprocessing = 0;
		};
/* End PBXResourcesBuildPhase section */

/* Begin PBXSourcesBuildPhase section */
		A1165D062E3C0DEC009FA3AA /* Sources */ = {
			isa = PBXSourcesBuildPhase;
			buildActionMask = 2147483647;
			files = (
			);
			runOnlyForDeploymentPostprocessing = 0;
		};
		A187F7C32EAEF2D4000B0461 /* Sources */ = {
			isa = PBXSourcesBuildPhase;
			buildActionMask = 2147483647;
			files = (
			);
			runOnlyForDeploymentPostprocessing = 0;
		};
/* End PBXSourcesBuildPhase section */

/* Begin PBXTargetDependency section */
		A187F7CF2EAEF331000B0461 /* PBXTargetDependency */ = {
			isa = PBXTargetDependency;
			target = A1165D092E3C0DEC009FA3AA /* DSA-in-Swift */;
			targetProxy = A187F7CE2EAEF331000B0461 /* PBXContainerItemProxy */;
		};
/* End PBXTargetDependency section */

/* Begin XCBuildConfiguration section */
		A1165D0F2E3C0DEC009FA3AA /* Debug */ = {
			isa = XCBuildConfiguration;
			buildSettings = {
				ALWAYS_SEARCH_USER_PATHS = NO;
				ASSETCATALOG_COMPILER_GENERATE_SWIFT_ASSET_SYMBOL_EXTENSIONS = YES;
				CLANG_ANALYZER_NONNULL = YES;
				CLANG_ANALYZER_NUMBER_OBJECT_CONVERSION = YES_AGGRESSIVE;
				CLANG_CXX_LANGUAGE_STANDARD = "gnu++20";
				CLANG_ENABLE_MODULES = YES;
				CLANG_ENABLE_OBJC_ARC = YES;
				CLANG_ENABLE_OBJC_WEAK = YES;
				CLANG_WARN_BLOCK_CAPTURE_AUTORELEASING = YES;
				CLANG_WARN_BOOL_CONVERSION = YES;
				CLANG_WARN_COMMA = YES;
				CLANG_WARN_CONSTANT_CONVERSION = YES;
				CLANG_WARN_DEPRECATED_OBJC_IMPLEMENTATIONS = YES;
				CLANG_WARN_DIRECT_OBJC_ISA_USAGE = YES_ERROR;
				CLANG_WARN_DOCUMENTATION_COMMENTS = YES;
				CLANG_WARN_EMPTY_BODY = YES;
				CLANG_WARN_ENUM_CONVERSION = YES;
				CLANG_WARN_INFINITE_RECURSION = YES;
				CLANG_WARN_INT_CONVERSION = YES;
				CLANG_WARN_NON_LITERAL_NULL_CONVERSION = YES;
				CLANG_WARN_OBJC_IMPLICIT_RETAIN_SELF = YES;
				CLANG_WARN_OBJC_LITERAL_CONVERSION = YES;
				CLANG_WARN_OBJC_ROOT_CLASS = YES_ERROR;
				CLANG_WARN_QUOTED_INCLUDE_IN_FRAMEWORK_HEADER = YES;
				CLANG_WARN_RANGE_LOOP_ANALYSIS = YES;
				CLANG_WARN_STRICT_PROTOTYPES = YES;
				CLANG_WARN_SUSPICIOUS_MOVE = YES;
				CLANG_WARN_UNGUARDED_AVAILABILITY = YES_AGGRESSIVE;
				CLANG_WARN_UNREACHABLE_CODE = YES;
				CLANG_WARN__DUPLICATE_METHOD_MATCH = YES;
				COPY_PHASE_STRIP = NO;
				DEBUG_INFORMATION_FORMAT = dwarf;
				ENABLE_STRICT_OBJC_MSGSEND = YES;
				ENABLE_TESTABILITY = YES;
				ENABLE_USER_SCRIPT_SANDBOXING = YES;
				GCC_C_LANGUAGE_STANDARD = gnu17;
				GCC_DYNAMIC_NO_PIC = NO;
				GCC_NO_COMMON_BLOCKS = YES;
				GCC_OPTIMIZATION_LEVEL = 0;
				GCC_PREPROCESSOR_DEFINITIONS = (
					"DEBUG=1",
					"$(inherited)",
				);
				GCC_WARN_64_TO_32_BIT_CONVERSION = YES;
				GCC_WARN_ABOUT_RETURN_TYPE = YES_ERROR;
				GCC_WARN_UNDECLARED_SELECTOR = YES;
				GCC_WARN_UNINITIALIZED_AUTOS = YES_AGGRESSIVE;
				GCC_WARN_UNUSED_FUNCTION = YES;
				GCC_WARN_UNUSED_VARIABLE = YES;
				LOCALIZATION_PREFERS_STRING_CATALOGS = YES;
				MACOSX_DEPLOYMENT_TARGET = 15.3;
				MTL_ENABLE_DEBUG_INFO = INCLUDE_SOURCE;
				MTL_FAST_MATH = YES;
				ONLY_ACTIVE_ARCH = YES;
				SDKROOT = macosx;
				SWIFT_ACTIVE_COMPILATION_CONDITIONS = "DEBUG $(inherited)";
				SWIFT_OPTIMIZATION_LEVEL = "-Onone";
			};
			name = Debug;
		};
		A1165D102E3C0DEC009FA3AA /* Release */ = {
			isa = XCBuildConfiguration;
			buildSettings = {
				ALWAYS_SEARCH_USER_PATHS = NO;
				ASSETCATALOG_COMPILER_GENERATE_SWIFT_ASSET_SYMBOL_EXTENSIONS = YES;
				CLANG_ANALYZER_NONNULL = YES;
				CLANG_ANALYZER_NUMBER_OBJECT_CONVERSION = YES_AGGRESSIVE;
				CLANG_CXX_LANGUAGE_STANDARD = "gnu++20";
				CLANG_ENABLE_MODULES = YES;
				CLANG_ENABLE_OBJC_ARC = YES;
				CLANG_ENABLE_OBJC_WEAK = YES;
				CLANG_WARN_BLOCK_CAPTURE_AUTORELEASING = YES;
				CLANG_WARN_BOOL_CONVERSION = YES;
				CLANG_WARN_COMMA = YES;
				CLANG_WARN_CONSTANT_CONVERSION = YES;
				CLANG_WARN_DEPRECATED_OBJC_IMPLEMENTATIONS = YES;
				CLANG_WARN_DIRECT_OBJC_ISA_USAGE = YES_ERROR;
				CLANG_WARN_DOCUMENTATION_COMMENTS = YES;
				CLANG_WARN_EMPTY_BODY = YES;
				CLANG_WARN_ENUM_CONVERSION = YES;
				CLANG_WARN_INFINITE_RECURSION = YES;
				CLANG_WARN_INT_CONVERSION = YES;
				CLANG_WARN_NON_LITERAL_NULL_CONVERSION = YES;
				CLANG_WARN_OBJC_IMPLICIT_RETAIN_SELF = YES;
				CLANG_WARN_OBJC_LITERAL_CONVERSION = YES;
				CLANG_WARN_OBJC_ROOT_CLASS = YES_ERROR;
				CLANG_WARN_QUOTED_INCLUDE_IN_FRAMEWORK_HEADER = YES;
				CLANG_WARN_RANGE_LOOP_ANALYSIS = YES;
				CLANG_WARN_STRICT_PROTOTYPES = YES;
				CLANG_WARN_SUSPICIOUS_MOVE = YES;
				CLANG_WARN_UNGUARDED_AVAILABILITY = YES_AGGRESSIVE;
				CLANG_WARN_UNREACHABLE_CODE = YES;
				CLANG_WARN__DUPLICATE_METHOD_MATCH = YES;
				COPY_PHASE_STRIP = NO;
				DEBUG_INFORMATION_FORMAT = "dwarf-with-dsym";
				ENABLE_NS_ASSERTIONS = NO;
				ENABLE_STRICT_OBJC_MSGSEND = YES;
				ENABLE_USER_SCRIPT_SANDBOXING = YES;
				GCC_C_LANGUAGE_STANDARD = gnu17;
				GCC_NO_COMMON_BLOCKS = YES;
				GCC_WARN_64_TO_32_BIT_CONVERSION = YES;
				GCC_WARN_ABOUT_RETURN_TYPE = YES_ERROR;
				GCC_WARN_UNDECLARED_SELECTOR = YES;
				GCC_WARN_UNINITIALIZED_AUTOS = YES_AGGRESSIVE;
				GCC_WARN_UNUSED_FUNCTION = YES;
				GCC_WARN_UNUSED_VARIABLE = YES;
				LOCALIZATION_PREFERS_STRING_CATALOGS = YES;
				MACOSX_DEPLOYMENT_TARGET = 15.3;
				MTL_ENABLE_DEBUG_INFO = NO;
				MTL_FAST_MATH = YES;
				SDKROOT = macosx;
				SWIFT_COMPILATION_MODE = wholemodule;
			};
			name = Release;
		};
		A1165D122E3C0DEC009FA3AA /* Debug */ = {
			isa = XCBuildConfiguration;
			buildSettings = {
				CODE_SIGN_STYLE = Automatic;
				PRODUCT_NAME = "$(TARGET_NAME)";
				SWIFT_VERSION = 5.0;
			};
			name = Debug;
		};
		A1165D132E3C0DEC009FA3AA /* Release */ = {
			isa = XCBuildConfiguration;
			buildSettings = {
				CODE_SIGN_STYLE = Automatic;
				PRODUCT_NAME = "$(TARGET_NAME)";
				SWIFT_VERSION = 5.0;
			};
			name = Release;
		};
		A187F7CC2EAEF2D4000B0461 /* Debug */ = {
			isa = XCBuildConfiguration;
			buildSettings = {
				CLANG_ENABLE_MODULES = YES;
				CODE_SIGN_STYLE = Automatic;
				CURRENT_PROJECT_VERSION = 1;
				DEVELOPMENT_TEAM = 7XHUSBV984;
				GENERATE_INFOPLIST_FILE = YES;
				MARKETING_VERSION = 1.0;
				PRODUCT_BUNDLE_IDENTIFIER = "com.myorganization.DSA-in-SwiftTests";
				PRODUCT_NAME = "$(TARGET_NAME)";
				SWIFT_EMIT_LOC_STRINGS = NO;
				SWIFT_OBJC_BRIDGING_HEADER = "";
				SWIFT_OPTIMIZATION_LEVEL = "-Onone";
				SWIFT_VERSION = 5.0;
			};
			name = Debug;
		};
		A187F7CD2EAEF2D4000B0461 /* Release */ = {
			isa = XCBuildConfiguration;
			buildSettings = {
				CLANG_ENABLE_MODULES = YES;
				CODE_SIGN_STYLE = Automatic;
				CURRENT_PROJECT_VERSION = 1;
				DEVELOPMENT_TEAM = 7XHUSBV984;
				GENERATE_INFOPLIST_FILE = YES;
				MARKETING_VERSION = 1.0;
				PRODUCT_BUNDLE_IDENTIFIER = "com.myorganization.DSA-in-SwiftTests";
				PRODUCT_NAME = "$(TARGET_NAME)";
				SWIFT_EMIT_LOC_STRINGS = NO;
				SWIFT_OBJC_BRIDGING_HEADER = "";
				SWIFT_VERSION = 5.0;
			};
			name = Release;
		};
/* End XCBuildConfiguration section */

/* Begin XCConfigurationList section */
		A1165D052E3C0DEC009FA3AA /* Build configuration list for PBXProject "DSA-in-Swift" */ = {
			isa = XCConfigurationList;
			buildConfigurations = (
				A1165D0F2E3C0DEC009FA3AA /* Debug */,
				A1165D102E3C0DEC009FA3AA /* Release */,
			);
			defaultConfigurationIsVisible = 0;
			defaultConfigurationName = Release;
		};
		A1165D112E3C0DEC009FA3AA /* Build configuration list for PBXNativeTarget "DSA-in-Swift" */ = {
			isa = XCConfigurationList;
			buildConfigurations = (
				A1165D122E3C0DEC009FA3AA /* Debug */,
				A1165D132E3C0DEC009FA3AA /* Release */,
			);
			defaultConfigurationIsVisible = 0;
			defaultConfigurationName = Release;
		};
		A187F7CB2EAEF2D4000B0461 /* Build configuration list for PBXNativeTarget "DSA_in_SwiftTests" */ = {
			isa = XCConfigurationList;
			buildConfigurations = (
				A187F7CC2EAEF2D4000B0461 /* Debug */,
				A187F7CD2EAEF2D4000B0461 /* Release */,
			);
			defaultConfigurationIsVisible = 0;
			defaultConfigurationName = Release;
		};
/* End XCConfigurationList section */
	};
	rootObject = A1165D022E3C0DEC009FA3AA /* Project object */;
}
